// !$*UTF8*$!
{
	archiveVersion = 1;
	classes = {
	};
	objectVersion = 46;
	objects = {

/* Begin PBXBuildFile section */
		8287286E1ABFEC7E00B3A21E /* InterfaceController.swift in Sources */ = {isa = PBXBuildFile; fileRef = 8287286D1ABFEC7E00B3A21E /* InterfaceController.swift */; };
		828728701ABFEC7E00B3A21E /* NotificationController.swift in Sources */ = {isa = PBXBuildFile; fileRef = 8287286F1ABFEC7E00B3A21E /* NotificationController.swift */; };
		828728721ABFEC7E00B3A21E /* Images.xcassets in Resources */ = {isa = PBXBuildFile; fileRef = 828728711ABFEC7E00B3A21E /* Images.xcassets */; };
		828728761ABFEC7E00B3A21E /* ProgressCircle WatchKit App.app in Resources */ = {isa = PBXBuildFile; fileRef = 828728751ABFEC7E00B3A21E /* ProgressCircle WatchKit App.app */; };
		8287287E1ABFEC7E00B3A21E /* Interface.storyboard in Resources */ = {isa = PBXBuildFile; fileRef = 8287287C1ABFEC7E00B3A21E /* Interface.storyboard */; };
		828728801ABFEC7E00B3A21E /* Images.xcassets in Resources */ = {isa = PBXBuildFile; fileRef = 8287287F1ABFEC7E00B3A21E /* Images.xcassets */; };
		828728831ABFEC7E00B3A21E /* ProgressCircle WatchKit Extension.appex in Embed App Extensions */ = {isa = PBXBuildFile; fileRef = 828728681ABFEC7E00B3A21E /* ProgressCircle WatchKit Extension.appex */; settings = {ATTRIBUTES = (RemoveHeadersOnCopy, ); }; };
		8287288B1ABFEF7900B3A21E /* ProgressCircle.swift in Sources */ = {isa = PBXBuildFile; fileRef = 8287288A1ABFEF7900B3A21E /* ProgressCircle.swift */; };
		82D3DA9C1AC1A03700FAB684 /* GlanceController.swift in Sources */ = {isa = PBXBuildFile; fileRef = 82D3DA9B1AC1A03700FAB684 /* GlanceController.swift */; };
		A1CDA3DE1AB314FF003B2455 /* UIColor+RGB.swift in Sources */ = {isa = PBXBuildFile; fileRef = A1CDA3DD1AB314FF003B2455 /* UIColor+RGB.swift */; };
		A1CDA3E91AB33B13003B2455 /* ALView+PureLayout.m in Sources */ = {isa = PBXBuildFile; fileRef = A1CDA3E11AB33B13003B2455 /* ALView+PureLayout.m */; };
		A1CDA3EA1AB33B13003B2455 /* NSArray+PureLayout.m in Sources */ = {isa = PBXBuildFile; fileRef = A1CDA3E31AB33B13003B2455 /* NSArray+PureLayout.m */; };
		A1CDA3EB1AB33B13003B2455 /* NSLayoutConstraint+PureLayout.m in Sources */ = {isa = PBXBuildFile; fileRef = A1CDA3E51AB33B13003B2455 /* NSLayoutConstraint+PureLayout.m */; };
		A1CDA3F21AB6019E003B2455 /* alarmOff.png in Resources */ = {isa = PBXBuildFile; fileRef = A1CDA3EE1AB6019E003B2455 /* alarmOff.png */; };
		A1CDA3F31AB6019E003B2455 /* alarmOff@2x.png in Resources */ = {isa = PBXBuildFile; fileRef = A1CDA3EF1AB6019E003B2455 /* alarmOff@2x.png */; };
		A1CDA3F41AB6019E003B2455 /* alarmOn.png in Resources */ = {isa = PBXBuildFile; fileRef = A1CDA3F01AB6019E003B2455 /* alarmOn.png */; };
		A1CDA3F51AB6019E003B2455 /* alarmOn@2x.png in Resources */ = {isa = PBXBuildFile; fileRef = A1CDA3F11AB6019E003B2455 /* alarmOn@2x.png */; };
		A1CDA3F71AB6E932003B2455 /* CircleBar.swift in Sources */ = {isa = PBXBuildFile; fileRef = A1CDA3F61AB6E932003B2455 /* CircleBar.swift */; };
		A1CDA3F91AB6F334003B2455 /* ProgressCirlce+LiveRendering.swift in Sources */ = {isa = PBXBuildFile; fileRef = A1CDA3F81AB6F334003B2455 /* ProgressCirlce+LiveRendering.swift */; };
		A1CDA4121AB73A12003B2455 /* BellButton.swift in Sources */ = {isa = PBXBuildFile; fileRef = A1CDA4111AB73A12003B2455 /* BellButton.swift */; };
		A1DEFE4B1A95EF6100072E1D /* AppDelegate.swift in Sources */ = {isa = PBXBuildFile; fileRef = A1DEFE4A1A95EF6100072E1D /* AppDelegate.swift */; };
		A1DEFE4E1A95EF6100072E1D /* ProgressCircle.xcdatamodeld in Sources */ = {isa = PBXBuildFile; fileRef = A1DEFE4C1A95EF6100072E1D /* ProgressCircle.xcdatamodeld */; };
		A1DEFE501A95EF6100072E1D /* ViewController.swift in Sources */ = {isa = PBXBuildFile; fileRef = A1DEFE4F1A95EF6100072E1D /* ViewController.swift */; };
		A1DEFE531A95EF6100072E1D /* Main.storyboard in Resources */ = {isa = PBXBuildFile; fileRef = A1DEFE511A95EF6100072E1D /* Main.storyboard */; };
		A1DEFE551A95EF6100072E1D /* Images.xcassets in Resources */ = {isa = PBXBuildFile; fileRef = A1DEFE541A95EF6100072E1D /* Images.xcassets */; };
		A1DEFE581A95EF6100072E1D /* LaunchScreen.xib in Resources */ = {isa = PBXBuildFile; fileRef = A1DEFE561A95EF6100072E1D /* LaunchScreen.xib */; };
		A1DEFE641A95EF6200072E1D /* ProgressCircleTests.swift in Sources */ = {isa = PBXBuildFile; fileRef = A1DEFE631A95EF6200072E1D /* ProgressCircleTests.swift */; };
		A1DEFE6E1A95F09F00072E1D /* ProgressCircle.swift in Sources */ = {isa = PBXBuildFile; fileRef = A1DEFE6D1A95F09F00072E1D /* ProgressCircle.swift */; };
/* End PBXBuildFile section */

/* Begin PBXContainerItemProxy section */
		828728771ABFEC7E00B3A21E /* PBXContainerItemProxy */ = {
			isa = PBXContainerItemProxy;
			containerPortal = A1DEFE3D1A95EF6100072E1D /* Project object */;
			proxyType = 1;
			remoteGlobalIDString = 828728741ABFEC7E00B3A21E;
			remoteInfo = "ProgressCircle WatchKit App";
		};
		828728811ABFEC7E00B3A21E /* PBXContainerItemProxy */ = {
			isa = PBXContainerItemProxy;
			containerPortal = A1DEFE3D1A95EF6100072E1D /* Project object */;
			proxyType = 1;
			remoteGlobalIDString = 828728671ABFEC7E00B3A21E;
			remoteInfo = "ProgressCircle WatchKit Extension";
		};
		A1DEFE5E1A95EF6200072E1D /* PBXContainerItemProxy */ = {
			isa = PBXContainerItemProxy;
			containerPortal = A1DEFE3D1A95EF6100072E1D /* Project object */;
			proxyType = 1;
			remoteGlobalIDString = A1DEFE441A95EF6100072E1D;
			remoteInfo = ProgressCircle;
		};
/* End PBXContainerItemProxy section */

/* Begin PBXCopyFilesBuildPhase section */
		82DA591F1ABF625400BF8C5B /* Embed App Extensions */ = {
			isa = PBXCopyFilesBuildPhase;
			buildActionMask = 2147483647;
			dstPath = "";
			dstSubfolderSpec = 13;
			files = (
				828728831ABFEC7E00B3A21E /* ProgressCircle WatchKit Extension.appex in Embed App Extensions */,
			);
			name = "Embed App Extensions";
			runOnlyForDeploymentPostprocessing = 0;
		};
/* End PBXCopyFilesBuildPhase section */

/* Begin PBXFileReference section */
		828728551ABFCDF400B3A21E /* ProgressCircle.entitlements */ = {isa = PBXFileReference; lastKnownFileType = text.xml; path = ProgressCircle.entitlements; sourceTree = "<group>"; };
		828728681ABFEC7E00B3A21E /* ProgressCircle WatchKit Extension.appex */ = {isa = PBXFileReference; explicitFileType = "wrapper.app-extension"; includeInIndex = 0; path = "ProgressCircle WatchKit Extension.appex"; sourceTree = BUILT_PRODUCTS_DIR; };
		8287286B1ABFEC7E00B3A21E /* Info.plist */ = {isa = PBXFileReference; lastKnownFileType = text.plist.xml; path = Info.plist; sourceTree = "<group>"; };
		8287286C1ABFEC7E00B3A21E /* PushNotificationPayload.apns */ = {isa = PBXFileReference; lastKnownFileType = text; path = PushNotificationPayload.apns; sourceTree = "<group>"; };
		8287286D1ABFEC7E00B3A21E /* InterfaceController.swift */ = {isa = PBXFileReference; lastKnownFileType = sourcecode.swift; path = InterfaceController.swift; sourceTree = "<group>"; };
		8287286F1ABFEC7E00B3A21E /* NotificationController.swift */ = {isa = PBXFileReference; lastKnownFileType = sourcecode.swift; path = NotificationController.swift; sourceTree = "<group>"; };
		828728711ABFEC7E00B3A21E /* Images.xcassets */ = {isa = PBXFileReference; lastKnownFileType = folder.assetcatalog; path = Images.xcassets; sourceTree = "<group>"; };
		828728751ABFEC7E00B3A21E /* ProgressCircle WatchKit App.app */ = {isa = PBXFileReference; explicitFileType = wrapper.application; includeInIndex = 0; path = "ProgressCircle WatchKit App.app"; sourceTree = BUILT_PRODUCTS_DIR; };
		8287287B1ABFEC7E00B3A21E /* Info.plist */ = {isa = PBXFileReference; lastKnownFileType = text.plist.xml; path = Info.plist; sourceTree = "<group>"; };
		8287287D1ABFEC7E00B3A21E /* Base */ = {isa = PBXFileReference; lastKnownFileType = file.storyboard; name = Base; path = Base.lproj/Interface.storyboard; sourceTree = "<group>"; };
		8287287F1ABFEC7E00B3A21E /* Images.xcassets */ = {isa = PBXFileReference; lastKnownFileType = folder.assetcatalog; path = Images.xcassets; sourceTree = "<group>"; };
		8287288A1ABFEF7900B3A21E /* ProgressCircle.swift */ = {isa = PBXFileReference; fileEncoding = 4; lastKnownFileType = sourcecode.swift; path = ProgressCircle.swift; sourceTree = "<group>"; };
		82D3DA9B1AC1A03700FAB684 /* GlanceController.swift */ = {isa = PBXFileReference; fileEncoding = 4; lastKnownFileType = sourcecode.swift; path = GlanceController.swift; sourceTree = "<group>"; };
		A1CDA3DD1AB314FF003B2455 /* UIColor+RGB.swift */ = {isa = PBXFileReference; fileEncoding = 4; lastKnownFileType = sourcecode.swift; path = "UIColor+RGB.swift"; sourceTree = "<group>"; };
		A1CDA3E01AB33B13003B2455 /* ALView+PureLayout.h */ = {isa = PBXFileReference; fileEncoding = 4; lastKnownFileType = sourcecode.c.h; path = "ALView+PureLayout.h"; sourceTree = "<group>"; };
		A1CDA3E11AB33B13003B2455 /* ALView+PureLayout.m */ = {isa = PBXFileReference; fileEncoding = 4; lastKnownFileType = sourcecode.c.objc; path = "ALView+PureLayout.m"; sourceTree = "<group>"; };
		A1CDA3E21AB33B13003B2455 /* NSArray+PureLayout.h */ = {isa = PBXFileReference; fileEncoding = 4; lastKnownFileType = sourcecode.c.h; path = "NSArray+PureLayout.h"; sourceTree = "<group>"; };
		A1CDA3E31AB33B13003B2455 /* NSArray+PureLayout.m */ = {isa = PBXFileReference; fileEncoding = 4; lastKnownFileType = sourcecode.c.objc; path = "NSArray+PureLayout.m"; sourceTree = "<group>"; };
		A1CDA3E41AB33B13003B2455 /* NSLayoutConstraint+PureLayout.h */ = {isa = PBXFileReference; fileEncoding = 4; lastKnownFileType = sourcecode.c.h; path = "NSLayoutConstraint+PureLayout.h"; sourceTree = "<group>"; };
		A1CDA3E51AB33B13003B2455 /* NSLayoutConstraint+PureLayout.m */ = {isa = PBXFileReference; fileEncoding = 4; lastKnownFileType = sourcecode.c.objc; path = "NSLayoutConstraint+PureLayout.m"; sourceTree = "<group>"; };
		A1CDA3E61AB33B13003B2455 /* PureLayout+Internal.h */ = {isa = PBXFileReference; fileEncoding = 4; lastKnownFileType = sourcecode.c.h; path = "PureLayout+Internal.h"; sourceTree = "<group>"; };
		A1CDA3E71AB33B13003B2455 /* PureLayout.h */ = {isa = PBXFileReference; fileEncoding = 4; lastKnownFileType = sourcecode.c.h; path = PureLayout.h; sourceTree = "<group>"; };
		A1CDA3E81AB33B13003B2455 /* PureLayoutDefines.h */ = {isa = PBXFileReference; fileEncoding = 4; lastKnownFileType = sourcecode.c.h; path = PureLayoutDefines.h; sourceTree = "<group>"; };
		A1CDA3EC1AB33B55003B2455 /* ProgressCircle-Bridging-Header.h */ = {isa = PBXFileReference; lastKnownFileType = sourcecode.c.h; path = "ProgressCircle-Bridging-Header.h"; sourceTree = "<group>"; };
		A1CDA3EE1AB6019E003B2455 /* alarmOff.png */ = {isa = PBXFileReference; lastKnownFileType = image.png; path = alarmOff.png; sourceTree = "<group>"; };
		A1CDA3EF1AB6019E003B2455 /* alarmOff@2x.png */ = {isa = PBXFileReference; lastKnownFileType = image.png; path = "alarmOff@2x.png"; sourceTree = "<group>"; };
		A1CDA3F01AB6019E003B2455 /* alarmOn.png */ = {isa = PBXFileReference; lastKnownFileType = image.png; path = alarmOn.png; sourceTree = "<group>"; };
		A1CDA3F11AB6019E003B2455 /* alarmOn@2x.png */ = {isa = PBXFileReference; lastKnownFileType = image.png; path = "alarmOn@2x.png"; sourceTree = "<group>"; };
		A1CDA3F61AB6E932003B2455 /* CircleBar.swift */ = {isa = PBXFileReference; fileEncoding = 4; lastKnownFileType = sourcecode.swift; path = CircleBar.swift; sourceTree = "<group>"; };
		A1CDA3F81AB6F334003B2455 /* ProgressCirlce+LiveRendering.swift */ = {isa = PBXFileReference; fileEncoding = 4; lastKnownFileType = sourcecode.swift; path = "ProgressCirlce+LiveRendering.swift"; sourceTree = "<group>"; };
		A1CDA4111AB73A12003B2455 /* BellButton.swift */ = {isa = PBXFileReference; fileEncoding = 4; lastKnownFileType = sourcecode.swift; path = BellButton.swift; sourceTree = "<group>"; };
		A1DEFE451A95EF6100072E1D /* ProgressCircle.app */ = {isa = PBXFileReference; explicitFileType = wrapper.application; includeInIndex = 0; path = ProgressCircle.app; sourceTree = BUILT_PRODUCTS_DIR; };
		A1DEFE491A95EF6100072E1D /* Info.plist */ = {isa = PBXFileReference; lastKnownFileType = text.plist.xml; path = Info.plist; sourceTree = "<group>"; };
		A1DEFE4A1A95EF6100072E1D /* AppDelegate.swift */ = {isa = PBXFileReference; lastKnownFileType = sourcecode.swift; path = AppDelegate.swift; sourceTree = "<group>"; };
		A1DEFE4D1A95EF6100072E1D /* ProgressCircle.xcdatamodel */ = {isa = PBXFileReference; lastKnownFileType = wrapper.xcdatamodel; path = ProgressCircle.xcdatamodel; sourceTree = "<group>"; };
		A1DEFE4F1A95EF6100072E1D /* ViewController.swift */ = {isa = PBXFileReference; lastKnownFileType = sourcecode.swift; path = ViewController.swift; sourceTree = "<group>"; };
		A1DEFE521A95EF6100072E1D /* Base */ = {isa = PBXFileReference; lastKnownFileType = file.storyboard; name = Base; path = Base.lproj/Main.storyboard; sourceTree = "<group>"; };
		A1DEFE541A95EF6100072E1D /* Images.xcassets */ = {isa = PBXFileReference; lastKnownFileType = folder.assetcatalog; path = Images.xcassets; sourceTree = "<group>"; };
		A1DEFE571A95EF6100072E1D /* Base */ = {isa = PBXFileReference; lastKnownFileType = file.xib; name = Base; path = Base.lproj/LaunchScreen.xib; sourceTree = "<group>"; };
		A1DEFE5D1A95EF6100072E1D /* ProgressCircleTests.xctest */ = {isa = PBXFileReference; explicitFileType = wrapper.cfbundle; includeInIndex = 0; path = ProgressCircleTests.xctest; sourceTree = BUILT_PRODUCTS_DIR; };
		A1DEFE621A95EF6200072E1D /* Info.plist */ = {isa = PBXFileReference; lastKnownFileType = text.plist.xml; path = Info.plist; sourceTree = "<group>"; };
		A1DEFE631A95EF6200072E1D /* ProgressCircleTests.swift */ = {isa = PBXFileReference; lastKnownFileType = sourcecode.swift; path = ProgressCircleTests.swift; sourceTree = "<group>"; };
		A1DEFE6D1A95F09F00072E1D /* ProgressCircle.swift */ = {isa = PBXFileReference; fileEncoding = 4; lastKnownFileType = sourcecode.swift; path = ProgressCircle.swift; sourceTree = "<group>"; };
/* End PBXFileReference section */

/* Begin PBXFrameworksBuildPhase section */
		828728651ABFEC7E00B3A21E /* Frameworks */ = {
			isa = PBXFrameworksBuildPhase;
			buildActionMask = 2147483647;
			files = (
			);
			runOnlyForDeploymentPostprocessing = 0;
		};
		A1DEFE421A95EF6100072E1D /* Frameworks */ = {
			isa = PBXFrameworksBuildPhase;
			buildActionMask = 2147483647;
			files = (
			);
			runOnlyForDeploymentPostprocessing = 0;
		};
		A1DEFE5A1A95EF6100072E1D /* Frameworks */ = {
			isa = PBXFrameworksBuildPhase;
			buildActionMask = 2147483647;
			files = (
			);
			runOnlyForDeploymentPostprocessing = 0;
		};
/* End PBXFrameworksBuildPhase section */

/* Begin PBXGroup section */
		828728691ABFEC7E00B3A21E /* ProgressCircle WatchKit Extension */ = {
			isa = PBXGroup;
			children = (
				8287286D1ABFEC7E00B3A21E /* InterfaceController.swift */,
				8287286F1ABFEC7E00B3A21E /* NotificationController.swift */,
				828728711ABFEC7E00B3A21E /* Images.xcassets */,
				8287286A1ABFEC7E00B3A21E /* Supporting Files */,
				8287288A1ABFEF7900B3A21E /* ProgressCircle.swift */,
				82D3DA9B1AC1A03700FAB684 /* GlanceController.swift */,
			);
			path = "ProgressCircle WatchKit Extension";
			sourceTree = "<group>";
		};
		8287286A1ABFEC7E00B3A21E /* Supporting Files */ = {
			isa = PBXGroup;
			children = (
				8287286B1ABFEC7E00B3A21E /* Info.plist */,
				8287286C1ABFEC7E00B3A21E /* PushNotificationPayload.apns */,
			);
			name = "Supporting Files";
			sourceTree = "<group>";
		};
		828728791ABFEC7E00B3A21E /* ProgressCircle WatchKit App */ = {
			isa = PBXGroup;
			children = (
				8287287C1ABFEC7E00B3A21E /* Interface.storyboard */,
				8287287F1ABFEC7E00B3A21E /* Images.xcassets */,
				8287287A1ABFEC7E00B3A21E /* Supporting Files */,
			);
			path = "ProgressCircle WatchKit App";
			sourceTree = "<group>";
		};
		8287287A1ABFEC7E00B3A21E /* Supporting Files */ = {
			isa = PBXGroup;
			children = (
				8287287B1ABFEC7E00B3A21E /* Info.plist */,
			);
			name = "Supporting Files";
			sourceTree = "<group>";
		};
		A1CDA3DF1AB33B13003B2455 /* PureLayout */ = {
			isa = PBXGroup;
			children = (
				A1CDA3E01AB33B13003B2455 /* ALView+PureLayout.h */,
				A1CDA3E11AB33B13003B2455 /* ALView+PureLayout.m */,
				A1CDA3E21AB33B13003B2455 /* NSArray+PureLayout.h */,
				A1CDA3E31AB33B13003B2455 /* NSArray+PureLayout.m */,
				A1CDA3E41AB33B13003B2455 /* NSLayoutConstraint+PureLayout.h */,
				A1CDA3E51AB33B13003B2455 /* NSLayoutConstraint+PureLayout.m */,
				A1CDA3E61AB33B13003B2455 /* PureLayout+Internal.h */,
				A1CDA3E71AB33B13003B2455 /* PureLayout.h */,
				A1CDA3E81AB33B13003B2455 /* PureLayoutDefines.h */,
			);
			path = PureLayout;
			sourceTree = "<group>";
		};
		A1CDA3ED1AB6019E003B2455 /* images */ = {
			isa = PBXGroup;
			children = (
				A1CDA3EE1AB6019E003B2455 /* alarmOff.png */,
				A1CDA3EF1AB6019E003B2455 /* alarmOff@2x.png */,
				A1CDA3F01AB6019E003B2455 /* alarmOn.png */,
				A1CDA3F11AB6019E003B2455 /* alarmOn@2x.png */,
			);
			path = images;
			sourceTree = "<group>";
		};
		A1DEFE3C1A95EF6100072E1D = {
			isa = PBXGroup;
			children = (
				A1DEFE471A95EF6100072E1D /* ProgressCircle */,
				A1DEFE601A95EF6200072E1D /* ProgressCircleTests */,
				828728691ABFEC7E00B3A21E /* ProgressCircle WatchKit Extension */,
				828728791ABFEC7E00B3A21E /* ProgressCircle WatchKit App */,
				A1DEFE461A95EF6100072E1D /* Products */,
			);
			sourceTree = "<group>";
		};
		A1DEFE461A95EF6100072E1D /* Products */ = {
			isa = PBXGroup;
			children = (
				A1DEFE451A95EF6100072E1D /* ProgressCircle.app */,
				A1DEFE5D1A95EF6100072E1D /* ProgressCircleTests.xctest */,
				828728681ABFEC7E00B3A21E /* ProgressCircle WatchKit Extension.appex */,
				828728751ABFEC7E00B3A21E /* ProgressCircle WatchKit App.app */,
			);
			name = Products;
			sourceTree = "<group>";
		};
		A1DEFE471A95EF6100072E1D /* ProgressCircle */ = {
			isa = PBXGroup;
			children = (
				828728551ABFCDF400B3A21E /* ProgressCircle.entitlements */,
				A1CDA3ED1AB6019E003B2455 /* images */,
				A1CDA3DF1AB33B13003B2455 /* PureLayout */,
				A1DEFE4A1A95EF6100072E1D /* AppDelegate.swift */,
				A1DEFE4F1A95EF6100072E1D /* ViewController.swift */,
				A1DEFE511A95EF6100072E1D /* Main.storyboard */,
				A1DEFE541A95EF6100072E1D /* Images.xcassets */,
				A1DEFE561A95EF6100072E1D /* LaunchScreen.xib */,
				A1DEFE4C1A95EF6100072E1D /* ProgressCircle.xcdatamodeld */,
				A1DEFE481A95EF6100072E1D /* Supporting Files */,
				A1DEFE6D1A95F09F00072E1D /* ProgressCircle.swift */,
				A1CDA3F61AB6E932003B2455 /* CircleBar.swift */,
				A1CDA3F81AB6F334003B2455 /* ProgressCirlce+LiveRendering.swift */,
				A1CDA3DD1AB314FF003B2455 /* UIColor+RGB.swift */,
				A1CDA3EC1AB33B55003B2455 /* ProgressCircle-Bridging-Header.h */,
				A1CDA4111AB73A12003B2455 /* BellButton.swift */,
			);
			path = ProgressCircle;
			sourceTree = "<group>";
		};
		A1DEFE481A95EF6100072E1D /* Supporting Files */ = {
			isa = PBXGroup;
			children = (
				A1DEFE491A95EF6100072E1D /* Info.plist */,
			);
			name = "Supporting Files";
			sourceTree = "<group>";
		};
		A1DEFE601A95EF6200072E1D /* ProgressCircleTests */ = {
			isa = PBXGroup;
			children = (
				A1DEFE631A95EF6200072E1D /* ProgressCircleTests.swift */,
				A1DEFE611A95EF6200072E1D /* Supporting Files */,
			);
			path = ProgressCircleTests;
			sourceTree = "<group>";
		};
		A1DEFE611A95EF6200072E1D /* Supporting Files */ = {
			isa = PBXGroup;
			children = (
				A1DEFE621A95EF6200072E1D /* Info.plist */,
			);
			name = "Supporting Files";
			sourceTree = "<group>";
		};
/* End PBXGroup section */

/* Begin PBXNativeTarget section */
		828728671ABFEC7E00B3A21E /* ProgressCircle WatchKit Extension */ = {
			isa = PBXNativeTarget;
			buildConfigurationList = 828728871ABFEC7E00B3A21E /* Build configuration list for PBXNativeTarget "ProgressCircle WatchKit Extension" */;
			buildPhases = (
				828728641ABFEC7E00B3A21E /* Sources */,
				828728651ABFEC7E00B3A21E /* Frameworks */,
				828728661ABFEC7E00B3A21E /* Resources */,
			);
			buildRules = (
			);
			dependencies = (
				828728781ABFEC7E00B3A21E /* PBXTargetDependency */,
			);
			name = "ProgressCircle WatchKit Extension";
			productName = "ProgressCircle WatchKit Extension";
			productReference = 828728681ABFEC7E00B3A21E /* ProgressCircle WatchKit Extension.appex */;
			productType = "com.apple.product-type.watchkit-extension";
		};
		828728741ABFEC7E00B3A21E /* ProgressCircle WatchKit App */ = {
			isa = PBXNativeTarget;
			buildConfigurationList = 828728841ABFEC7E00B3A21E /* Build configuration list for PBXNativeTarget "ProgressCircle WatchKit App" */;
			buildPhases = (
				828728731ABFEC7E00B3A21E /* Resources */,
			);
			buildRules = (
			);
			dependencies = (
			);
			name = "ProgressCircle WatchKit App";
			productName = "ProgressCircle WatchKit App";
			productReference = 828728751ABFEC7E00B3A21E /* ProgressCircle WatchKit App.app */;
			productType = "com.apple.product-type.application.watchapp";
		};
		A1DEFE441A95EF6100072E1D /* ProgressCircle */ = {
			isa = PBXNativeTarget;
			buildConfigurationList = A1DEFE671A95EF6200072E1D /* Build configuration list for PBXNativeTarget "ProgressCircle" */;
			buildPhases = (
				A1DEFE411A95EF6100072E1D /* Sources */,
				A1DEFE421A95EF6100072E1D /* Frameworks */,
				A1DEFE431A95EF6100072E1D /* Resources */,
				82DA591F1ABF625400BF8C5B /* Embed App Extensions */,
			);
			buildRules = (
			);
			dependencies = (
				828728821ABFEC7E00B3A21E /* PBXTargetDependency */,
			);
			name = ProgressCircle;
			productName = ProgressCircle;
			productReference = A1DEFE451A95EF6100072E1D /* ProgressCircle.app */;
			productType = "com.apple.product-type.application";
		};
		A1DEFE5C1A95EF6100072E1D /* ProgressCircleTests */ = {
			isa = PBXNativeTarget;
			buildConfigurationList = A1DEFE6A1A95EF6200072E1D /* Build configuration list for PBXNativeTarget "ProgressCircleTests" */;
			buildPhases = (
				A1DEFE591A95EF6100072E1D /* Sources */,
				A1DEFE5A1A95EF6100072E1D /* Frameworks */,
				A1DEFE5B1A95EF6100072E1D /* Resources */,
			);
			buildRules = (
			);
			dependencies = (
				A1DEFE5F1A95EF6200072E1D /* PBXTargetDependency */,
			);
			name = ProgressCircleTests;
			productName = ProgressCircleTests;
			productReference = A1DEFE5D1A95EF6100072E1D /* ProgressCircleTests.xctest */;
			productType = "com.apple.product-type.bundle.unit-test";
		};
/* End PBXNativeTarget section */

/* Begin PBXProject section */
		A1DEFE3D1A95EF6100072E1D /* Project object */ = {
			isa = PBXProject;
			attributes = {
				LastUpgradeCheck = 0610;
				ORGANIZATIONNAME = "Sveta Dedunovich";
				TargetAttributes = {
					828728671ABFEC7E00B3A21E = {
						CreatedOnToolsVersion = 6.2;
						DevelopmentTeam = Q9XAZK223S;
					};
					828728741ABFEC7E00B3A21E = {
						CreatedOnToolsVersion = 6.2;
					};
					A1DEFE441A95EF6100072E1D = {
						CreatedOnToolsVersion = 6.1.1;
						DevelopmentTeam = Q9XAZK223S;
						SystemCapabilities = {
							com.apple.ApplicationGroups.iOS = {
								enabled = 1;
							};
						};
					};
					A1DEFE5C1A95EF6100072E1D = {
						CreatedOnToolsVersion = 6.1.1;
						TestTargetID = A1DEFE441A95EF6100072E1D;
					};
				};
			};
			buildConfigurationList = A1DEFE401A95EF6100072E1D /* Build configuration list for PBXProject "ProgressCircle" */;
			compatibilityVersion = "Xcode 3.2";
			developmentRegion = English;
			hasScannedForEncodings = 0;
			knownRegions = (
				en,
				Base,
			);
			mainGroup = A1DEFE3C1A95EF6100072E1D;
			productRefGroup = A1DEFE461A95EF6100072E1D /* Products */;
			projectDirPath = "";
			projectRoot = "";
			targets = (
				A1DEFE441A95EF6100072E1D /* ProgressCircle */,
				A1DEFE5C1A95EF6100072E1D /* ProgressCircleTests */,
				828728671ABFEC7E00B3A21E /* ProgressCircle WatchKit Extension */,
				828728741ABFEC7E00B3A21E /* ProgressCircle WatchKit App */,
			);
		};
/* End PBXProject section */

/* Begin PBXResourcesBuildPhase section */
		828728661ABFEC7E00B3A21E /* Resources */ = {
			isa = PBXResourcesBuildPhase;
			buildActionMask = 2147483647;
			files = (
				828728721ABFEC7E00B3A21E /* Images.xcassets in Resources */,
				828728761ABFEC7E00B3A21E /* ProgressCircle WatchKit App.app in Resources */,
			);
			runOnlyForDeploymentPostprocessing = 0;
		};
		828728731ABFEC7E00B3A21E /* Resources */ = {
			isa = PBXResourcesBuildPhase;
			buildActionMask = 2147483647;
			files = (
				8287287E1ABFEC7E00B3A21E /* Interface.storyboard in Resources */,
				828728801ABFEC7E00B3A21E /* Images.xcassets in Resources */,
			);
			runOnlyForDeploymentPostprocessing = 0;
		};
		A1DEFE431A95EF6100072E1D /* Resources */ = {
			isa = PBXResourcesBuildPhase;
			buildActionMask = 2147483647;
			files = (
				A1CDA3F41AB6019E003B2455 /* alarmOn.png in Resources */,
				A1CDA3F31AB6019E003B2455 /* alarmOff@2x.png in Resources */,
				A1CDA3F51AB6019E003B2455 /* alarmOn@2x.png in Resources */,
				A1DEFE531A95EF6100072E1D /* Main.storyboard in Resources */,
				A1DEFE581A95EF6100072E1D /* LaunchScreen.xib in Resources */,
				A1DEFE551A95EF6100072E1D /* Images.xcassets in Resources */,
				A1CDA3F21AB6019E003B2455 /* alarmOff.png in Resources */,
			);
			runOnlyForDeploymentPostprocessing = 0;
		};
		A1DEFE5B1A95EF6100072E1D /* Resources */ = {
			isa = PBXResourcesBuildPhase;
			buildActionMask = 2147483647;
			files = (
			);
			runOnlyForDeploymentPostprocessing = 0;
		};
/* End PBXResourcesBuildPhase section */

/* Begin PBXSourcesBuildPhase section */
		828728641ABFEC7E00B3A21E /* Sources */ = {
			isa = PBXSourcesBuildPhase;
			buildActionMask = 2147483647;
			files = (
				828728701ABFEC7E00B3A21E /* NotificationController.swift in Sources */,
				8287288B1ABFEF7900B3A21E /* ProgressCircle.swift in Sources */,
				8287286E1ABFEC7E00B3A21E /* InterfaceController.swift in Sources */,
				82D3DA9C1AC1A03700FAB684 /* GlanceController.swift in Sources */,
			);
			runOnlyForDeploymentPostprocessing = 0;
		};
		A1DEFE411A95EF6100072E1D /* Sources */ = {
			isa = PBXSourcesBuildPhase;
			buildActionMask = 2147483647;
			files = (
				A1DEFE501A95EF6100072E1D /* ViewController.swift in Sources */,
				A1CDA4121AB73A12003B2455 /* BellButton.swift in Sources */,
				A1CDA3E91AB33B13003B2455 /* ALView+PureLayout.m in Sources */,
				A1CDA3DE1AB314FF003B2455 /* UIColor+RGB.swift in Sources */,
				A1CDA3EB1AB33B13003B2455 /* NSLayoutConstraint+PureLayout.m in Sources */,
				A1CDA3EA1AB33B13003B2455 /* NSArray+PureLayout.m in Sources */,
				A1CDA3F91AB6F334003B2455 /* ProgressCirlce+LiveRendering.swift in Sources */,
				A1DEFE4E1A95EF6100072E1D /* ProgressCircle.xcdatamodeld in Sources */,
				A1DEFE6E1A95F09F00072E1D /* ProgressCircle.swift in Sources */,
				A1DEFE4B1A95EF6100072E1D /* AppDelegate.swift in Sources */,
				A1CDA3F71AB6E932003B2455 /* CircleBar.swift in Sources */,
			);
			runOnlyForDeploymentPostprocessing = 0;
		};
		A1DEFE591A95EF6100072E1D /* Sources */ = {
			isa = PBXSourcesBuildPhase;
			buildActionMask = 2147483647;
			files = (
				A1DEFE641A95EF6200072E1D /* ProgressCircleTests.swift in Sources */,
			);
			runOnlyForDeploymentPostprocessing = 0;
		};
/* End PBXSourcesBuildPhase section */

/* Begin PBXTargetDependency section */
		828728781ABFEC7E00B3A21E /* PBXTargetDependency */ = {
			isa = PBXTargetDependency;
			target = 828728741ABFEC7E00B3A21E /* ProgressCircle WatchKit App */;
			targetProxy = 828728771ABFEC7E00B3A21E /* PBXContainerItemProxy */;
		};
		828728821ABFEC7E00B3A21E /* PBXTargetDependency */ = {
			isa = PBXTargetDependency;
			target = 828728671ABFEC7E00B3A21E /* ProgressCircle WatchKit Extension */;
			targetProxy = 828728811ABFEC7E00B3A21E /* PBXContainerItemProxy */;
		};
		A1DEFE5F1A95EF6200072E1D /* PBXTargetDependency */ = {
			isa = PBXTargetDependency;
			target = A1DEFE441A95EF6100072E1D /* ProgressCircle */;
			targetProxy = A1DEFE5E1A95EF6200072E1D /* PBXContainerItemProxy */;
		};
/* End PBXTargetDependency section */

/* Begin PBXVariantGroup section */
		8287287C1ABFEC7E00B3A21E /* Interface.storyboard */ = {
			isa = PBXVariantGroup;
			children = (
				8287287D1ABFEC7E00B3A21E /* Base */,
			);
			name = Interface.storyboard;
			sourceTree = "<group>";
		};
		A1DEFE511A95EF6100072E1D /* Main.storyboard */ = {
			isa = PBXVariantGroup;
			children = (
				A1DEFE521A95EF6100072E1D /* Base */,
			);
			name = Main.storyboard;
			sourceTree = "<group>";
		};
		A1DEFE561A95EF6100072E1D /* LaunchScreen.xib */ = {
			isa = PBXVariantGroup;
			children = (
				A1DEFE571A95EF6100072E1D /* Base */,
			);
			name = LaunchScreen.xib;
			sourceTree = "<group>";
		};
/* End PBXVariantGroup section */

/* Begin XCBuildConfiguration section */
		828728851ABFEC7E00B3A21E /* Debug */ = {
			isa = XCBuildConfiguration;
			buildSettings = {
				ASSETCATALOG_COMPILER_APPICON_NAME = AppIcon;
				GCC_PREPROCESSOR_DEFINITIONS = (
					"DEBUG=1",
					"$(inherited)",
				);
				IBSC_MODULE = ProgressCircle_WatchKit_Extension;
				INFOPLIST_FILE = "ProgressCircle WatchKit App/Info.plist";
				PRODUCT_NAME = "$(TARGET_NAME)";
				SKIP_INSTALL = YES;
				TARGETED_DEVICE_FAMILY = 4;
				"TARGETED_DEVICE_FAMILY[sdk=iphonesimulator*]" = "1,4";
			};
			name = Debug;
		};
		828728861ABFEC7E00B3A21E /* Release */ = {
			isa = XCBuildConfiguration;
			buildSettings = {
				ASSETCATALOG_COMPILER_APPICON_NAME = AppIcon;
				COPY_PHASE_STRIP = NO;
				IBSC_MODULE = ProgressCircle_WatchKit_Extension;
				INFOPLIST_FILE = "ProgressCircle WatchKit App/Info.plist";
				PRODUCT_NAME = "$(TARGET_NAME)";
				SKIP_INSTALL = YES;
				TARGETED_DEVICE_FAMILY = 4;
				"TARGETED_DEVICE_FAMILY[sdk=iphonesimulator*]" = "1,4";
			};
			name = Release;
		};
		828728881ABFEC7E00B3A21E /* Debug */ = {
			isa = XCBuildConfiguration;
			buildSettings = {
				CODE_SIGN_IDENTITY = "iPhone Developer";
				"CODE_SIGN_IDENTITY[sdk=iphoneos*]" = "iPhone Developer";
				GCC_PREPROCESSOR_DEFINITIONS = (
					"DEBUG=1",
					"$(inherited)",
				);
				INFOPLIST_FILE = "ProgressCircle WatchKit Extension/Info.plist";
				LD_RUNPATH_SEARCH_PATHS = "$(inherited) @executable_path/Frameworks @executable_path/../../Frameworks";
				PRODUCT_NAME = "${TARGET_NAME}";
				SKIP_INSTALL = YES;
			};
			name = Debug;
		};
		828728891ABFEC7E00B3A21E /* Release */ = {
			isa = XCBuildConfiguration;
			buildSettings = {
				CODE_SIGN_IDENTITY = "iPhone Developer";
				"CODE_SIGN_IDENTITY[sdk=iphoneos*]" = "iPhone Developer";
				COPY_PHASE_STRIP = NO;
				INFOPLIST_FILE = "ProgressCircle WatchKit Extension/Info.plist";
				LD_RUNPATH_SEARCH_PATHS = "$(inherited) @executable_path/Frameworks @executable_path/../../Frameworks";
				PRODUCT_NAME = "${TARGET_NAME}";
				SKIP_INSTALL = YES;
			};
			name = Release;
		};
		A1DEFE651A95EF6200072E1D /* Debug */ = {
			isa = XCBuildConfiguration;
			buildSettings = {
				ALWAYS_SEARCH_USER_PATHS = NO;
				CLANG_CXX_LANGUAGE_STANDARD = "gnu++0x";
				CLANG_CXX_LIBRARY = "libc++";
				CLANG_ENABLE_MODULES = YES;
				CLANG_ENABLE_OBJC_ARC = YES;
				CLANG_WARN_BOOL_CONVERSION = YES;
				CLANG_WARN_CONSTANT_CONVERSION = YES;
				CLANG_WARN_DIRECT_OBJC_ISA_USAGE = YES_ERROR;
				CLANG_WARN_EMPTY_BODY = YES;
				CLANG_WARN_ENUM_CONVERSION = YES;
				CLANG_WARN_INT_CONVERSION = YES;
				CLANG_WARN_OBJC_ROOT_CLASS = YES_ERROR;
				CLANG_WARN_UNREACHABLE_CODE = YES;
				CLANG_WARN__DUPLICATE_METHOD_MATCH = YES;
				"CODE_SIGN_IDENTITY[sdk=iphoneos*]" = "iPhone Developer";
				COPY_PHASE_STRIP = NO;
				ENABLE_STRICT_OBJC_MSGSEND = YES;
				GCC_C_LANGUAGE_STANDARD = gnu99;
				GCC_DYNAMIC_NO_PIC = NO;
				GCC_OPTIMIZATION_LEVEL = 0;
				GCC_PREPROCESSOR_DEFINITIONS = (
					"DEBUG=1",
					"$(inherited)",
				);
				GCC_SYMBOLS_PRIVATE_EXTERN = NO;
				GCC_WARN_64_TO_32_BIT_CONVERSION = YES;
				GCC_WARN_ABOUT_RETURN_TYPE = YES_ERROR;
				GCC_WARN_UNDECLARED_SELECTOR = YES;
				GCC_WARN_UNINITIALIZED_AUTOS = YES_AGGRESSIVE;
				GCC_WARN_UNUSED_FUNCTION = YES;
				GCC_WARN_UNUSED_VARIABLE = YES;
				IPHONEOS_DEPLOYMENT_TARGET = 8.2;
				MTL_ENABLE_DEBUG_INFO = YES;
				ONLY_ACTIVE_ARCH = YES;
				SDKROOT = iphoneos;
				SWIFT_OPTIMIZATION_LEVEL = "-Onone";
				TARGETED_DEVICE_FAMILY = "1,2";
			};
			name = Debug;
		};
		A1DEFE661A95EF6200072E1D /* Release */ = {
			isa = XCBuildConfiguration;
			buildSettings = {
				ALWAYS_SEARCH_USER_PATHS = NO;
				CLANG_CXX_LANGUAGE_STANDARD = "gnu++0x";
				CLANG_CXX_LIBRARY = "libc++";
				CLANG_ENABLE_MODULES = YES;
				CLANG_ENABLE_OBJC_ARC = YES;
				CLANG_WARN_BOOL_CONVERSION = YES;
				CLANG_WARN_CONSTANT_CONVERSION = YES;
				CLANG_WARN_DIRECT_OBJC_ISA_USAGE = YES_ERROR;
				CLANG_WARN_EMPTY_BODY = YES;
				CLANG_WARN_ENUM_CONVERSION = YES;
				CLANG_WARN_INT_CONVERSION = YES;
				CLANG_WARN_OBJC_ROOT_CLASS = YES_ERROR;
				CLANG_WARN_UNREACHABLE_CODE = YES;
				CLANG_WARN__DUPLICATE_METHOD_MATCH = YES;
				"CODE_SIGN_IDENTITY[sdk=iphoneos*]" = "iPhone Developer";
				COPY_PHASE_STRIP = YES;
				ENABLE_NS_ASSERTIONS = NO;
				ENABLE_STRICT_OBJC_MSGSEND = YES;
				GCC_C_LANGUAGE_STANDARD = gnu99;
				GCC_WARN_64_TO_32_BIT_CONVERSION = YES;
				GCC_WARN_ABOUT_RETURN_TYPE = YES_ERROR;
				GCC_WARN_UNDECLARED_SELECTOR = YES;
				GCC_WARN_UNINITIALIZED_AUTOS = YES_AGGRESSIVE;
				GCC_WARN_UNUSED_FUNCTION = YES;
				GCC_WARN_UNUSED_VARIABLE = YES;
				IPHONEOS_DEPLOYMENT_TARGET = 8.2;
				MTL_ENABLE_DEBUG_INFO = NO;
				SDKROOT = iphoneos;
				TARGETED_DEVICE_FAMILY = "1,2";
				VALIDATE_PRODUCT = YES;
			};
			name = Release;
		};
		A1DEFE681A95EF6200072E1D /* Debug */ = {
			isa = XCBuildConfiguration;
			buildSettings = {
				ASSETCATALOG_COMPILER_APPICON_NAME = AppIcon;
				CODE_SIGN_ENTITLEMENTS = ProgressCircle/ProgressCircle.entitlements;
				CODE_SIGN_IDENTITY = "iPhone Developer";
				"CODE_SIGN_IDENTITY[sdk=iphoneos*]" = "iPhone Developer";
				EMBEDDED_CONTENT_CONTAINS_SWIFT = YES;
				INFOPLIST_FILE = ProgressCircle/Info.plist;
				IPHONEOS_DEPLOYMENT_TARGET = 8.2;
				LD_RUNPATH_SEARCH_PATHS = "$(inherited) @executable_path/Frameworks";
				PRODUCT_NAME = "$(TARGET_NAME)";
				PROVISIONING_PROFILE = "";
				SWIFT_OBJC_BRIDGING_HEADER = "$(SRCROOT)/ProgressCircle/ProgressCircle-Bridging-Header.h";
			};
			name = Debug;
		};
		A1DEFE691A95EF6200072E1D /* Release */ = {
			isa = XCBuildConfiguration;
			buildSettings = {
				ASSETCATALOG_COMPILER_APPICON_NAME = AppIcon;
				CODE_SIGN_ENTITLEMENTS = ProgressCircle/ProgressCircle.entitlements;
				CODE_SIGN_IDENTITY = "iPhone Developer";
				"CODE_SIGN_IDENTITY[sdk=iphoneos*]" = "iPhone Developer";
				EMBEDDED_CONTENT_CONTAINS_SWIFT = YES;
				INFOPLIST_FILE = ProgressCircle/Info.plist;
				IPHONEOS_DEPLOYMENT_TARGET = 8.2;
				LD_RUNPATH_SEARCH_PATHS = "$(inherited) @executable_path/Frameworks";
				PRODUCT_NAME = "$(TARGET_NAME)";
				PROVISIONING_PROFILE = "";
				SWIFT_OBJC_BRIDGING_HEADER = "$(SRCROOT)/ProgressCircle/ProgressCircle-Bridging-Header.h";
			};
			name = Release;
		};
		A1DEFE6B1A95EF6200072E1D /* Debug */ = {
			isa = XCBuildConfiguration;
			buildSettings = {
				BUNDLE_LOADER = "$(TEST_HOST)";
				FRAMEWORK_SEARCH_PATHS = (
					"$(SDKROOT)/Developer/Library/Frameworks",
					"$(inherited)",
				);
				GCC_PREPROCESSOR_DEFINITIONS = (
					"DEBUG=1",
					"$(inherited)",
				);
				INFOPLIST_FILE = ProgressCircleTests/Info.plist;
				LD_RUNPATH_SEARCH_PATHS = "$(inherited) @executable_path/Frameworks @loader_path/Frameworks";
				PRODUCT_NAME = "$(TARGET_NAME)";
				TEST_HOST = "$(BUILT_PRODUCTS_DIR)/ProgressCircle.app/ProgressCircle";
			};
			name = Debug;
		};
		A1DEFE6C1A95EF6200072E1D /* Release */ = {
			isa = XCBuildConfiguration;
			buildSettings = {
				BUNDLE_LOADER = "$(TEST_HOST)";
				FRAMEWORK_SEARCH_PATHS = (
					"$(SDKROOT)/Developer/Library/Frameworks",
					"$(inherited)",
				);
				INFOPLIST_FILE = ProgressCircleTests/Info.plist;
				LD_RUNPATH_SEARCH_PATHS = "$(inherited) @executable_path/Frameworks @loader_path/Frameworks";
				PRODUCT_NAME = "$(TARGET_NAME)";
				TEST_HOST = "$(BUILT_PRODUCTS_DIR)/ProgressCircle.app/ProgressCircle";
			};
			name = Release;
		};
/* End XCBuildConfiguration section */

/* Begin XCConfigurationList section */
		828728841ABFEC7E00B3A21E /* Build configuration list for PBXNativeTarget "ProgressCircle WatchKit App" */ = {
			isa = XCConfigurationList;
			buildConfigurations = (
				828728851ABFEC7E00B3A21E /* Debug */,
				828728861ABFEC7E00B3A21E /* Release */,
			);
			defaultConfigurationIsVisible = 0;
			defaultConfigurationName = Release;
		};
		828728871ABFEC7E00B3A21E /* Build configuration list for PBXNativeTarget "ProgressCircle WatchKit Extension" */ = {
			isa = XCConfigurationList;
			buildConfigurations = (
				828728881ABFEC7E00B3A21E /* Debug */,
				828728891ABFEC7E00B3A21E /* Release */,
			);
			defaultConfigurationIsVisible = 0;
			defaultConfigurationName = Release;
		};
		A1DEFE401A95EF6100072E1D /* Build configuration list for PBXProject "ProgressCircle" */ = {
			isa = XCConfigurationList;
			buildConfigurations = (
				A1DEFE651A95EF6200072E1D /* Debug */,
				A1DEFE661A95EF6200072E1D /* Release */,
			);
			defaultConfigurationIsVisible = 0;
			defaultConfigurationName = Release;
		};
		A1DEFE671A95EF6200072E1D /* Build configuration list for PBXNativeTarget "ProgressCircle" */ = {
			isa = XCConfigurationList;
			buildConfigurations = (
				A1DEFE681A95EF6200072E1D /* Debug */,
				A1DEFE691A95EF6200072E1D /* Release */,
			);
			defaultConfigurationIsVisible = 0;
			defaultConfigurationName = Release;
		};
		A1DEFE6A1A95EF6200072E1D /* Build configuration list for PBXNativeTarget "ProgressCircleTests" */ = {
			isa = XCConfigurationList;
			buildConfigurations = (
				A1DEFE6B1A95EF6200072E1D /* Debug */,
				A1DEFE6C1A95EF6200072E1D /* Release */,
			);
			defaultConfigurationIsVisible = 0;
			defaultConfigurationName = Release;
		};
/* End XCConfigurationList section */

/* Begin XCVersionGroup section */
		A1DEFE4C1A95EF6100072E1D /* ProgressCircle.xcdatamodeld */ = {
			isa = XCVersionGroup;
			children = (
				A1DEFE4D1A95EF6100072E1D /* ProgressCircle.xcdatamodel */,
			);
			currentVersion = A1DEFE4D1A95EF6100072E1D /* ProgressCircle.xcdatamodel */;
			path = ProgressCircle.xcdatamodeld;
			sourceTree = "<group>";
			versionGroupType = wrapper.xcdatamodel;
		};
/* End XCVersionGroup section */
	};
	rootObject = A1DEFE3D1A95EF6100072E1D /* Project object */;
}
